
Microsoft Visual Studio Solution File, Format Version 12.00
# Visual Studio Version 17
VisualStudioVersion = 17.14.35906.104
MinimumVisualStudioVersion = 10.0.40219.1
Project("{2150E333-8FDC-42A3-9474-1A3956D46DE8}") = "Src", "Src", "{02EA681E-C7D8-13C7-8484-4AC65E1B71E8}"
EndProject
Project("{2150E333-8FDC-42A3-9474-1A3956D46DE8}") = "Tests", "Tests", "{F04C5796-FDDC-460C-811B-94B3CAA6259D}"
EndProject
Project("{2150E333-8FDC-42A3-9474-1A3956D46DE8}") = "Apps", "Apps", "{89BADB37-27E5-4C3B-BF23-BB06558FF39C}"
EndProject
Project("{2150E333-8FDC-42A3-9474-1A3956D46DE8}") = "Core", "Core", "{7DBC8D67-55BB-4884-B03A-9B81A535A019}"
EndProject
Project("{2150E333-8FDC-42A3-9474-1A3956D46DE8}") = "Application", "Application", "{EC2FE625-7AB8-4C32-8563-DED5B35BD012}"
EndProject
Project("{2150E333-8FDC-42A3-9474-1A3956D46DE8}") = "Infrastructure", "Infrastructure", "{5E1D595B-4187-43E0-A922-14F55B50E86D}"
EndProject
Project("{2150E333-8FDC-42A3-9474-1A3956D46DE8}") = "Presentation", "Presentation", "{9C514BC9-414F-4D28-B9FA-C195A2A5479D}"
EndProject
Project("{FAE04EC0-301F-11D3-BF4B-00C04F79EFBC}") = "MOM.WebApi", "Src\Presentation\MOM.WebApi\MOM.WebApi.csproj", "{0650B949-5C6C-89DB-0D27-5DDDB8C85368}"
EndProject
Project("{FAE04EC0-301F-11D3-BF4B-00C04F79EFBC}") = "MOM.Infrastructure.FileManager", "Src\Infrastructure\MOM.Infrastructure.FileManager\MOM.Infrastructure.FileManager.csproj", "{4002514C-724A-D4B5-0A1F-6500D381A249}"
EndProject
Project("{FAE04EC0-301F-11D3-BF4B-00C04F79EFBC}") = "MOM.Infrastructure.Hangfire", "Src\Infrastructure\MOM.Infrastructure.Hangfire\MOM.Infrastructure.Hangfire.csproj", "{AA636E69-D185-0BE9-DAE8-89B149EC530F}"
EndProject
Project("{FAE04EC0-301F-11D3-BF4B-00C04F79EFBC}") = "MOM.Infrastructure.Persistence", "Src\Infrastructure\MOM.Infrastructure.Persistence\MOM.Infrastructure.Persistence.csproj", "{76440B48-01E7-F382-D528-5D5D64EA0E95}"
EndProject
Project("{FAE04EC0-301F-11D3-BF4B-00C04F79EFBC}") = "MOM.Infrastructure.Resources", "Src\Infrastructure\MOM.Infrastructure.Resources\MOM.Infrastructure.Resources.csproj", "{918A6E7B-8461-F901-1CEF-0207C79522EB}"
EndProject
Project("{FAE04EC0-301F-11D3-BF4B-00C04F79EFBC}") = "MOM.Domain", "Src\Core\MOM.Domain\MOM.Domain.csproj", "{A5CD8D16-9CAA-202F-D772-BF02589BA091}"
EndProject
Project("{FAE04EC0-301F-11D3-BF4B-00C04F79EFBC}") = "MOM.Application", "Src\Core\Application\MOM.Application\MOM.Application.csproj", "{5CF1062D-C854-EE8A-7D64-72E454940ABF}"
EndProject
Project("{2150E333-8FDC-42A3-9474-1A3956D46DE8}") = "Features", "Features", "{94E4D025-F5DB-4D32-B0AD-BD98EEAF0534}"
EndProject
Project("{FAE04EC0-301F-11D3-BF4B-00C04F79EFBC}") = "MOM.Application.DTOs", "Src\Core\Application\MOM.Application.DTOs\MOM.Application.DTOs.csproj", "{DCFFAA6B-7A8E-A6E6-90A6-B2F0CFFED5A9}"
EndProject
Project("{FAE04EC0-301F-11D3-BF4B-00C04F79EFBC}") = "MOM.Application.Infrastructure", "Src\Core\Application\MOM.Application.Infrastructure\MOM.Application.Infrastructure.csproj", "{FD076964-2D2B-E0FB-E8DF-BC8A78E7D77C}"
EndProject
Project("{FAE04EC0-301F-11D3-BF4B-00C04F79EFBC}") = "MOM.Application.Interfaces", "Src\Core\Application\MOM.Application.Interfaces\MOM.Application.Interfaces.csproj", "{E81D390A-7F7B-5301-6B0E-5C78072BAFA4}"
EndProject
Project("{FAE04EC0-301F-11D3-BF4B-00C04F79EFBC}") = "MOM.Application.Wrappers", "Src\Core\Application\MOM.Application.Wrappers\MOM.Application.Wrappers.csproj", "{FBBAA5EF-680B-4E5D-607A-E2F3A04A1B9E}"
EndProject
Project("{2150E333-8FDC-42A3-9474-1A3956D46DE8}") = "操作管理", "操作管理", "{1F763C42-2429-4A5D-82FE-B4F89F00C188}"
EndProject
Project("{2150E333-8FDC-42A3-9474-1A3956D46DE8}") = "产品跟踪管理", "产品跟踪管理", "{9259666C-02EC-4EA1-A9AB-70516A48C2EC}"
EndProject
Project("{2150E333-8FDC-42A3-9474-1A3956D46DE8}") = "车间成本管理", "车间成本管理", "{09CD71BD-F12A-4E39-ADC3-0E0110DFA2E6}"
EndProject
Project("{2150E333-8FDC-42A3-9474-1A3956D46DE8}") = "车间物料管理", "车间物料管理", "{CCF5BC67-72A5-4768-B1C0-ED2BDE0F47FA}"
EndProject
Project("{2150E333-8FDC-42A3-9474-1A3956D46DE8}") = "刀具管理", "刀具管理", "{3E4FDF87-BCAC-46F8-B8CA-74D7D261BAE6}"
EndProject
Project("{2150E333-8FDC-42A3-9474-1A3956D46DE8}") = "工装管理", "工装管理", "{7C4C4871-5CA9-4766-99FA-4E0E62732AE9}"
EndProject
Project("{2150E333-8FDC-42A3-9474-1A3956D46DE8}") = "基础数据管理", "基础数据管理", "{3283CC3F-EB57-4A9B-A86A-C78979A5B19A}"
EndProject
Project("{2150E333-8FDC-42A3-9474-1A3956D46DE8}") = "绩效管理", "绩效管理", "{8776D678-C8CC-4449-BE54-D86FE81347D8}"
EndProject
Project("{2150E333-8FDC-42A3-9474-1A3956D46DE8}") = "劳动力管理", "劳动力管理", "{BA03EB02-087E-4AD2-AF69-C134C5A341EC}"
EndProject
Project("{2150E333-8FDC-42A3-9474-1A3956D46DE8}") = "设备管理", "设备管理", "{9CABCF69-EFEA-42B8-9C23-B1AD6DBC2624}"
EndProject
Project("{2150E333-8FDC-42A3-9474-1A3956D46DE8}") = "生产分派管理", "生产分派管理", "{005AF26C-A157-4C31-86F1-02E77E63F847}"
EndProject
Project("{2150E333-8FDC-42A3-9474-1A3956D46DE8}") = "生产计划管理", "生产计划管理", "{6470CF76-6222-4B4D-8619-BDCE80DF683E}"
EndProject
Project("{2150E333-8FDC-42A3-9474-1A3956D46DE8}") = "文档管理", "文档管理", "{0C712DF8-F6AD-4BE0-9D2B-703B4DD07E14}"
EndProject
Project("{2150E333-8FDC-42A3-9474-1A3956D46DE8}") = "系统管理", "系统管理", "{F2EE8A63-1D0E-4377-B3B4-28EFA4C5AF28}"
EndProject
Project("{2150E333-8FDC-42A3-9474-1A3956D46DE8}") = "现场数据采集", "现场数据采集", "{02CC5059-960D-4931-ACE1-42CCF13000FE}"
EndProject
Project("{2150E333-8FDC-42A3-9474-1A3956D46DE8}") = "详细作业调度", "详细作业调度", "{E3BB518A-329E-49F1-BAB1-B75B6ECEE35C}"
EndProject
Project("{2150E333-8FDC-42A3-9474-1A3956D46DE8}") = "质量管理", "质量管理", "{A2CA03B4-E1DF-4967-BA85-3EE1550CC5B8}"
EndProject
Project("{FAE04EC0-301F-11D3-BF4B-00C04F79EFBC}") = "MOM.Apps", "Src\Apps\MOM.Apps\MOM.Apps.csproj", "{14BC06F6-AA58-4405-8F46-03E4F23D2A6B}"
EndProject
Project("{FAE04EC0-301F-11D3-BF4B-00C04F79EFBC}") = "MOM.Application.Features.Personnel", "Src\Core\Application\Features\MOM.Application.Features.Personnel\MOM.Application.Features.Personnel.csproj", "{B0EF48DF-BCA0-4EE6-B86C-25AF983E8556}"
EndProject
Project("{FAE04EC0-301F-11D3-BF4B-00C04F79EFBC}") = "人员认证管理", "Src\Apps\系统管理\人员认证管理\人员认证管理.csproj", "{F1386CA1-ED83-4B79-8D13-8E4908903F03}"
EndProject
Global
	GlobalSection(SolutionConfigurationPlatforms) = preSolution
		Debug|Any CPU = Debug|Any CPU
		Release|Any CPU = Release|Any CPU
	EndGlobalSection
	GlobalSection(ProjectConfigurationPlatforms) = postSolution
		{0650B949-5C6C-89DB-0D27-5DDDB8C85368}.Debug|Any CPU.ActiveCfg = Debug|Any CPU
		{0650B949-5C6C-89DB-0D27-5DDDB8C85368}.Debug|Any CPU.Build.0 = Debug|Any CPU
		{0650B949-5C6C-89DB-0D27-5DDDB8C85368}.Release|Any CPU.ActiveCfg = Release|Any CPU
		{0650B949-5C6C-89DB-0D27-5DDDB8C85368}.Release|Any CPU.Build.0 = Release|Any CPU
		{4002514C-724A-D4B5-0A1F-6500D381A249}.Debug|Any CPU.ActiveCfg = Debug|Any CPU
		{4002514C-724A-D4B5-0A1F-6500D381A249}.Debug|Any CPU.Build.0 = Debug|Any CPU
		{4002514C-724A-D4B5-0A1F-6500D381A249}.Release|Any CPU.ActiveCfg = Release|Any CPU
		{4002514C-724A-D4B5-0A1F-6500D381A249}.Release|Any CPU.Build.0 = Release|Any CPU
		{AA636E69-D185-0BE9-DAE8-89B149EC530F}.Debug|Any CPU.ActiveCfg = Debug|Any CPU
		{AA636E69-D185-0BE9-DAE8-89B149EC530F}.Debug|Any CPU.Build.0 = Debug|Any CPU
		{AA636E69-D185-0BE9-DAE8-89B149EC530F}.Release|Any CPU.ActiveCfg = Release|Any CPU
		{AA636E69-D185-0BE9-DAE8-89B149EC530F}.Release|Any CPU.Build.0 = Release|Any CPU
		{76440B48-01E7-F382-D528-5D5D64EA0E95}.Debug|Any CPU.ActiveCfg = Debug|Any CPU
		{76440B48-01E7-F382-D528-5D5D64EA0E95}.Debug|Any CPU.Build.0 = Debug|Any CPU
		{76440B48-01E7-F382-D528-5D5D64EA0E95}.Release|Any CPU.ActiveCfg = Release|Any CPU
		{76440B48-01E7-F382-D528-5D5D64EA0E95}.Release|Any CPU.Build.0 = Release|Any CPU
		{918A6E7B-8461-F901-1CEF-0207C79522EB}.Debug|Any CPU.ActiveCfg = Debug|Any CPU
		{918A6E7B-8461-F901-1CEF-0207C79522EB}.Debug|Any CPU.Build.0 = Debug|Any CPU
		{918A6E7B-8461-F901-1CEF-0207C79522EB}.Release|Any CPU.ActiveCfg = Release|Any CPU
		{918A6E7B-8461-F901-1CEF-0207C79522EB}.Release|Any CPU.Build.0 = Release|Any CPU
		{A5CD8D16-9CAA-202F-D772-BF02589BA091}.Debug|Any CPU.ActiveCfg = Debug|Any CPU
		{A5CD8D16-9CAA-202F-D772-BF02589BA091}.Debug|Any CPU.Build.0 = Debug|Any CPU
		{A5CD8D16-9CAA-202F-D772-BF02589BA091}.Release|Any CPU.ActiveCfg = Release|Any CPU
		{A5CD8D16-9CAA-202F-D772-BF02589BA091}.Release|Any CPU.Build.0 = Release|Any CPU
		{5CF1062D-C854-EE8A-7D64-72E454940ABF}.Debug|Any CPU.ActiveCfg = Debug|Any CPU
		{5CF1062D-C854-EE8A-7D64-72E454940ABF}.Debug|Any CPU.Build.0 = Debug|Any CPU
		{5CF1062D-C854-EE8A-7D64-72E454940ABF}.Release|Any CPU.ActiveCfg = Release|Any CPU
		{5CF1062D-C854-EE8A-7D64-72E454940ABF}.Release|Any CPU.Build.0 = Release|Any CPU
		{DCFFAA6B-7A8E-A6E6-90A6-B2F0CFFED5A9}.Debug|Any CPU.ActiveCfg = Debug|Any CPU
		{DCFFAA6B-7A8E-A6E6-90A6-B2F0CFFED5A9}.Debug|Any CPU.Build.0 = Debug|Any CPU
		{DCFFAA6B-7A8E-A6E6-90A6-B2F0CFFED5A9}.Release|Any CPU.ActiveCfg = Release|Any CPU
		{DCFFAA6B-7A8E-A6E6-90A6-B2F0CFFED5A9}.Release|Any CPU.Build.0 = Release|Any CPU
		{FD076964-2D2B-E0FB-E8DF-BC8A78E7D77C}.Debug|Any CPU.ActiveCfg = Debug|Any CPU
		{FD076964-2D2B-E0FB-E8DF-BC8A78E7D77C}.Debug|Any CPU.Build.0 = Debug|Any CPU
		{FD076964-2D2B-E0FB-E8DF-BC8A78E7D77C}.Release|Any CPU.ActiveCfg = Release|Any CPU
		{FD076964-2D2B-E0FB-E8DF-BC8A78E7D77C}.Release|Any CPU.Build.0 = Release|Any CPU
		{E81D390A-7F7B-5301-6B0E-5C78072BAFA4}.Debug|Any CPU.ActiveCfg = Debug|Any CPU
		{E81D390A-7F7B-5301-6B0E-5C78072BAFA4}.Debug|Any CPU.Build.0 = Debug|Any CPU
		{E81D390A-7F7B-5301-6B0E-5C78072BAFA4}.Release|Any CPU.ActiveCfg = Release|Any CPU
		{E81D390A-7F7B-5301-6B0E-5C78072BAFA4}.Release|Any CPU.Build.0 = Release|Any CPU
		{FBBAA5EF-680B-4E5D-607A-E2F3A04A1B9E}.Debug|Any CPU.ActiveCfg = Debug|Any CPU
		{FBBAA5EF-680B-4E5D-607A-E2F3A04A1B9E}.Debug|Any CPU.Build.0 = Debug|Any CPU
		{FBBAA5EF-680B-4E5D-607A-E2F3A04A1B9E}.Release|Any CPU.ActiveCfg = Release|Any CPU
		{FBBAA5EF-680B-4E5D-607A-E2F3A04A1B9E}.Release|Any CPU.Build.0 = Release|Any CPU
		{14BC06F6-AA58-4405-8F46-03E4F23D2A6B}.Debug|Any CPU.ActiveCfg = Debug|Any CPU
		{14BC06F6-AA58-4405-8F46-03E4F23D2A6B}.Debug|Any CPU.Build.0 = Debug|Any CPU
		{14BC06F6-AA58-4405-8F46-03E4F23D2A6B}.Release|Any CPU.ActiveCfg = Release|Any CPU
		{14BC06F6-AA58-4405-8F46-03E4F23D2A6B}.Release|Any CPU.Build.0 = Release|Any CPU
		{B0EF48DF-BCA0-4EE6-B86C-25AF983E8556}.Debug|Any CPU.ActiveCfg = Debug|Any CPU
		{B0EF48DF-BCA0-4EE6-B86C-25AF983E8556}.Debug|Any CPU.Build.0 = Debug|Any CPU
		{B0EF48DF-BCA0-4EE6-B86C-25AF983E8556}.Release|Any CPU.ActiveCfg = Release|Any CPU
		{B0EF48DF-BCA0-4EE6-B86C-25AF983E8556}.Release|Any CPU.Build.0 = Release|Any CPU
		{F1386CA1-ED83-4B79-8D13-8E4908903F03}.Debug|Any CPU.ActiveCfg = Debug|Any CPU
		{F1386CA1-ED83-4B79-8D13-8E4908903F03}.Debug|Any CPU.Build.0 = Debug|Any CPU
		{F1386CA1-ED83-4B79-8D13-8E4908903F03}.Release|Any CPU.ActiveCfg = Release|Any CPU
		{F1386CA1-ED83-4B79-8D13-8E4908903F03}.Release|Any CPU.Build.0 = Release|Any CPU
	EndGlobalSection
	GlobalSection(SolutionProperties) = preSolution
		HideSolutionNode = FALSE
	EndGlobalSection
	GlobalSection(NestedProjects) = preSolution
		{89BADB37-27E5-4C3B-BF23-BB06558FF39C} = {02EA681E-C7D8-13C7-8484-4AC65E1B71E8}
		{7DBC8D67-55BB-4884-B03A-9B81A535A019} = {02EA681E-C7D8-13C7-8484-4AC65E1B71E8}
		{EC2FE625-7AB8-4C32-8563-DED5B35BD012} = {7DBC8D67-55BB-4884-B03A-9B81A535A019}
		{5E1D595B-4187-43E0-A922-14F55B50E86D} = {02EA681E-C7D8-13C7-8484-4AC65E1B71E8}
		{9C514BC9-414F-4D28-B9FA-C195A2A5479D} = {02EA681E-C7D8-13C7-8484-4AC65E1B71E8}
		{0650B949-5C6C-89DB-0D27-5DDDB8C85368} = {9C514BC9-414F-4D28-B9FA-C195A2A5479D}
		{4002514C-724A-D4B5-0A1F-6500D381A249} = {5E1D595B-4187-43E0-A922-14F55B50E86D}
		{AA636E69-D185-0BE9-DAE8-89B149EC530F} = {5E1D595B-4187-43E0-A922-14F55B50E86D}
		{76440B48-01E7-F382-D528-5D5D64EA0E95} = {5E1D595B-4187-43E0-A922-14F55B50E86D}
		{918A6E7B-8461-F901-1CEF-0207C79522EB} = {5E1D595B-4187-43E0-A922-14F55B50E86D}
		{A5CD8D16-9CAA-202F-D772-BF02589BA091} = {7DBC8D67-55BB-4884-B03A-9B81A535A019}
		{5CF1062D-C854-EE8A-7D64-72E454940ABF} = {EC2FE625-7AB8-4C32-8563-DED5B35BD012}
		{94E4D025-F5DB-4D32-B0AD-BD98EEAF0534} = {EC2FE625-7AB8-4C32-8563-DED5B35BD012}
		{DCFFAA6B-7A8E-A6E6-90A6-B2F0CFFED5A9} = {EC2FE625-7AB8-4C32-8563-DED5B35BD012}
		{FD076964-2D2B-E0FB-E8DF-BC8A78E7D77C} = {EC2FE625-7AB8-4C32-8563-DED5B35BD012}
		{E81D390A-7F7B-5301-6B0E-5C78072BAFA4} = {EC2FE625-7AB8-4C32-8563-DED5B35BD012}
		{FBBAA5EF-680B-4E5D-607A-E2F3A04A1B9E} = {EC2FE625-7AB8-4C32-8563-DED5B35BD012}
		{1F763C42-2429-4A5D-82FE-B4F89F00C188} = {89BADB37-27E5-4C3B-BF23-BB06558FF39C}
		{9259666C-02EC-4EA1-A9AB-70516A48C2EC} = {89BADB37-27E5-4C3B-BF23-BB06558FF39C}
		{09CD71BD-F12A-4E39-ADC3-0E0110DFA2E6} = {89BADB37-27E5-4C3B-BF23-BB06558FF39C}
		{CCF5BC67-72A5-4768-B1C0-ED2BDE0F47FA} = {89BADB37-27E5-4C3B-BF23-BB06558FF39C}
		{3E4FDF87-BCAC-46F8-B8CA-74D7D261BAE6} = {89BADB37-27E5-4C3B-BF23-BB06558FF39C}
		{7C4C4871-5CA9-4766-99FA-4E0E62732AE9} = {89BADB37-27E5-4C3B-BF23-BB06558FF39C}
		{3283CC3F-EB57-4A9B-A86A-C78979A5B19A} = {89BADB37-27E5-4C3B-BF23-BB06558FF39C}
		{8776D678-C8CC-4449-BE54-D86FE81347D8} = {89BADB37-27E5-4C3B-BF23-BB06558FF39C}
		{BA03EB02-087E-4AD2-AF69-C134C5A341EC} = {89BADB37-27E5-4C3B-BF23-BB06558FF39C}
		{9CABCF69-EFEA-42B8-9C23-B1AD6DBC2624} = {89BADB37-27E5-4C3B-BF23-BB06558FF39C}
		{005AF26C-A157-4C31-86F1-02E77E63F847} = {89BADB37-27E5-4C3B-BF23-BB06558FF39C}
		{6470CF76-6222-4B4D-8619-BDCE80DF683E} = {89BADB37-27E5-4C3B-BF23-BB06558FF39C}
		{0C712DF8-F6AD-4BE0-9D2B-703B4DD07E14} = {89BADB37-27E5-4C3B-BF23-BB06558FF39C}
		{F2EE8A63-1D0E-4377-B3B4-28EFA4C5AF28} = {89BADB37-27E5-4C3B-BF23-BB06558FF39C}
		{02CC5059-960D-4931-ACE1-42CCF13000FE} = {89BADB37-27E5-4C3B-BF23-BB06558FF39C}
		{E3BB518A-329E-49F1-BAB1-B75B6ECEE35C} = {89BADB37-27E5-4C3B-BF23-BB06558FF39C}
		{A2CA03B4-E1DF-4967-BA85-3EE1550CC5B8} = {89BADB37-27E5-4C3B-BF23-BB06558FF39C}
		{14BC06F6-AA58-4405-8F46-03E4F23D2A6B} = {89BADB37-27E5-4C3B-BF23-BB06558FF39C}
		{B0EF48DF-BCA0-4EE6-B86C-25AF983E8556} = {94E4D025-F5DB-4D32-B0AD-BD98EEAF0534}
		{F1386CA1-ED83-4B79-8D13-8E4908903F03} = {F2EE8A63-1D0E-4377-B3B4-28EFA4C5AF28}
	EndGlobalSection
	GlobalSection(ExtensibilityGlobals) = postSolution
		SolutionGuid = {1BF80400-1050-4291-9001-0A0B0DE23CDE}
	EndGlobalSection
EndGlobal
